{
  "version": "3",
  "packages": {
    "specifiers": {
      "npm:@types/node": "npm:@types/node@18.16.19"
    },
    "npm": {
      "@types/node@18.16.19": {
        "integrity": "sha512-IXl7o+R9iti9eBW4Wg2hx1xQDig183jj7YLn8F7udNceyfkbn1ZxmzZXuak20gR40D7pIkIY1kYGx5VIGbaHKA==",
        "dependencies": {}
      }
    }
  },
  "redirects": {
    "https://esm.run/starknet@5.14": "https://cdn.jsdelivr.net/npm/starknet@5.14/+esm",
    "https://esm.sh/starknet@5.14": "https://esm.sh/starknet@5.14.1"
  },
  "remote": {
    "https://cdn.jsdelivr.net/npm/@noble/curves@1.0.0/_shortw_utils/+esm": "a129880f74d9342d5e8d8df68e3a26064bc682c482dcd0edd0151f4d320964c5",
    "https://cdn.jsdelivr.net/npm/@noble/curves@1.0.0/abstract/modular/+esm": "6074c18011f0f7577fd25c71e2ddc6b63a9d920abb6734be73b3988fb60bf09c",
    "https://cdn.jsdelivr.net/npm/@noble/curves@1.0.0/abstract/poseidon/+esm": "08a7919d683017ae9cc79a779fdb132db9f81e7de9814ed6e74468784087f4db",
    "https://cdn.jsdelivr.net/npm/@noble/curves@1.0.0/abstract/utils/+esm": "845d476ba3fefdd308bda9e9ba5e8c808cd7d0329fb6734e6766801fb0558294",
    "https://cdn.jsdelivr.net/npm/@noble/curves@1.0.0/abstract/weierstrass/+esm": "7923162da978c24db31813d985be63a44cb4cc742a63b2d6312ca6f02673c440",
    "https://cdn.jsdelivr.net/npm/@noble/hashes@1.3.0/crypto/+esm": "fe39d6a19141d5571ab3ed6a1eb478f5e6f54751343ca8935454c521ab6ca721",
    "https://cdn.jsdelivr.net/npm/@noble/hashes@1.3.0/hmac/+esm": "d34e965bd6bb2d64baa9609fcde5aa2b754a19297744d36b985e12e00cfd0f8b",
    "https://cdn.jsdelivr.net/npm/@noble/hashes@1.3.0/utils/+esm": "2bec8d2bbedfbc3bf419368cd162fb33c9971b0dbbf19d3f020f49883a1f5735",
    "https://cdn.jsdelivr.net/npm/@noble/hashes@1.3.3/crypto/+esm": "15f52d8597022b140d1e29ae210e2b455e00f819a4a6373a507cf8d2157b7f7d",
    "https://cdn.jsdelivr.net/npm/@noble/hashes@1.3.3/sha256/+esm": "bc0d3b4464c713b81b4bf8e0c56505d5e47af740159aeea5dccb0ced73683cdb",
    "https://cdn.jsdelivr.net/npm/@noble/hashes@1.3.3/sha3/+esm": "6898e7551abd42cd8555235bc697d48a90701030125ac81b7e3bbdd80b49e255",
    "https://cdn.jsdelivr.net/npm/@noble/hashes@1.3.3/utils/+esm": "f60d9519b44988896f7727ec832cf568bc28b8b38487f64fa12944286331d91d",
    "https://cdn.jsdelivr.net/npm/isomorphic-fetch@3.0.0/+esm": "545ed3b7bda86a6e2691d78fc1ae99327503002363e5ed2f3eab3a75e2c7270a",
    "https://cdn.jsdelivr.net/npm/lossless-json@2.0.11/+esm": "42a90a931dbece4dbc3dc829e5288aeb37947afdc6dedbffb5f64e9063142636",
    "https://cdn.jsdelivr.net/npm/micro-starknet@0.2.3/+esm": "c91bd58b24a49a5a10ed962e0ffa2bc0f3d38d3ece63595c1ba00321d3e04227",
    "https://cdn.jsdelivr.net/npm/pako@2.1.0/+esm": "0bef997ecc0d58611840adc3627e704b65b00921ab14a1d5d33d24915309e992",
    "https://cdn.jsdelivr.net/npm/starknet@5.14/+esm": "4ce39b814a7a9b01a28421be5bcfd21ad4530017d5f91bfbbc32216722b4f48a",
    "https://cdn.jsdelivr.net/npm/url-join@4.0.1/+esm": "e4a9312dfcd36659a3a2d46ec7ef1886b83cb05d31a0364ee794284dc0743a9d",
    "https://cdn.jsdelivr.net/npm/whatwg-fetch@3.6.20/+esm": "18042729f92c75f43dfe547165f79a6075c7e5d36584f1fc40f028a3dfd14dc3",
    "https://deno.land/std@0.150.0/media_types/_util.ts": "ce9b4fc4ba1c447dafab619055e20fd88236ca6bdd7834a21f98bd193c3fbfa1",
    "https://deno.land/std@0.150.0/media_types/mod.ts": "2d4b6f32a087029272dc59e0a55ae3cc4d1b27b794ccf528e94b1925795b3118",
    "https://deno.land/std@0.150.0/media_types/vendor/mime-db.v1.52.0.ts": "724cee25fa40f1a52d3937d6b4fbbfdd7791ff55e1b7ac08d9319d5632c7f5af",
    "https://deno.land/x/xhr@0.3.0/mod.ts": "094aacd627fd9635cd942053bf8032b5223b909858fa9dc8ffa583752ff63b20",
    "https://esm.sh/starknet@5.14.1": "28136a3b6937465d3d0d2b1eb6d8182c75652d5064e692ae458866836b28f203",
    "https://esm.sh/v135/@noble/curves@1.0.0/denonext/_shortw_utils.js": "fafe045ca5a727e93221e9656f88a58253729fb0b7c3301c1238864f133488a6",
    "https://esm.sh/v135/@noble/curves@1.0.0/denonext/abstract/curve.js": "8a113c300533a5b1dc0bd3d358a58a39ba20263ab537872d29881eacd0b76d45",
    "https://esm.sh/v135/@noble/curves@1.0.0/denonext/abstract/modular.js": "ae9c28dca5f0c1a57ed379a9b377bbca7b7432bd46ca5017a04609598dfd5625",
    "https://esm.sh/v135/@noble/curves@1.0.0/denonext/abstract/poseidon.js": "44d8a3e0583da2ef1883c5270394845cb178c085bbf636215084643b59d241f2",
    "https://esm.sh/v135/@noble/curves@1.0.0/denonext/abstract/utils.js": "e6bb1a3234f1a28b40866ab235d558a042d9764a693956efa0fc399b46753eac",
    "https://esm.sh/v135/@noble/curves@1.0.0/denonext/abstract/weierstrass.js": "f7c1d4fb804251ccc2bd6db5aaa327f695fd591eccc0072a0345c4fdc0263454",
    "https://esm.sh/v135/@noble/hashes@1.3.0/denonext/_assert.js": "71dd0f5dc02b25513b5626a31922758a28a33baa07a25c41632b98e5e0aae1b7",
    "https://esm.sh/v135/@noble/hashes@1.3.0/denonext/crypto.js": "38ef199043a068b6b97d8f91f1e5991ff4843fe7cfed35588dd927defb3b1139",
    "https://esm.sh/v135/@noble/hashes@1.3.0/denonext/hmac.js": "9d6daaea2ca7aaf07fce0a224a8e31b77951a57e81ffccdac31c451e28aebdbb",
    "https://esm.sh/v135/@noble/hashes@1.3.0/denonext/utils.js": "c75dc36831fccde5833088b67254427dd99c526835804a7a9c7bf856e30a8330",
    "https://esm.sh/v135/@noble/hashes@1.3.3/denonext/_assert.js": "f8882bd96e2a6d1834a445c5af97f927b1ba028f34963c8570568e33385c4419",
    "https://esm.sh/v135/@noble/hashes@1.3.3/denonext/_sha2.js": "7b27807ccd3cf7c3b90ce23b17bc9c5d791a72e41dd2e01a4debd9727990bca9",
    "https://esm.sh/v135/@noble/hashes@1.3.3/denonext/crypto.js": "cf6efbafcbb35e03bcb3a36cccd3d6d1f9bc4ba23f44a79551929a28c83e7901",
    "https://esm.sh/v135/@noble/hashes@1.3.3/denonext/sha256.js": "762e0b0cbde1990fc905eb816d30cdc0cf7dd4c23d123408c6963294f124f97d",
    "https://esm.sh/v135/@noble/hashes@1.3.3/denonext/sha3.js": "3765211a8eec7f75e4ad8f265c023ed372b16327f214133ce4fc64c3a1423404",
    "https://esm.sh/v135/@noble/hashes@1.3.3/denonext/utils.js": "701831e12a7e656df467b62f929ac9536ababef1b9b7445c7f87512366ae3933",
    "https://esm.sh/v135/isomorphic-fetch@3.0.0/denonext/isomorphic-fetch.mjs": "a791533fb7269baadd38e8e4a34a46a6cb70f5c89ea4e8f4b3e1e5ddd533d61f",
    "https://esm.sh/v135/lossless-json@2.0.11/denonext/lossless-json.mjs": "cb67043586fcaab9a862a403c35abc3c8485788ec59fd403565c7f550a932085",
    "https://esm.sh/v135/micro-starknet@0.2.3/denonext/micro-starknet.mjs": "1d66a0f0a2ef5814082e7c00ee85ddc59d4fe2c7cb02c02f3272da2bd4689f0a",
    "https://esm.sh/v135/pako@2.1.0/denonext/pako.mjs": "a96661a4528965146d092709c0566bbb9a6fbc04e21587adfae26d48b2b3d763",
    "https://esm.sh/v135/starknet@5.14.1/denonext/starknet.mjs": "26128462d49e78d14adf881f1ad5fa6cd401d34cd5267cb551c94a084d2cd0dc",
    "https://esm.sh/v135/url-join@4.0.1/denonext/url-join.mjs": "1d2b840f03b6a3aaaaaa56380ea7879740d376a1dd83511b5bcf8af6c4617e1e",
    "https://esm.sh/v135/whatwg-fetch@3.6.19/denonext/whatwg-fetch.mjs": "65c15a9d84dcbd90308975b351e180e43ed2849f0be2312e543202d4fbb8e335"
  }
}
